github.com/krelinga/go-iters v0.1.0 h1:lh+b2wdKe4CE063n7wJeGR/2XFbjp2ACbjiI92ATEr4=
github.com/krelinga/go-iters v0.1.0/go.mod h1:R/iHBRUBr1ntOA2gNjmdqPDVpEUgqjVDUGYbJoiZRCk=
github.com/krelinga/go-views v1.0.0 h1:SwtQFKRIy3YRNQ7Zr9ffIuirmIS0MrdtLA+J39WoM5E=
github.com/krelinga/go-views v1.0.0/go.mod h1:I2uEw4PIVaZOHVHSUVNHyemc8/oMgVa8sVT2NLkGGg4=
